
Microsoft Visual Studio Solution File, Format Version 12.00
# Visual Studio Version 17
VisualStudioVersion = 17.10.34928.147
MinimumVisualStudioVersion = 10.0.40219.1
Project("{FAE04EC0-301F-11D3-BF4B-00C04F79EFBC}") = "BookAPI", "BookAPI\BookAPI.csproj", "{8945B7A5-840A-4724-8F6B-7351F0FBC8B4}"
EndProject
Global
	GlobalSection(SolutionConfigurationPlatforms) = preSolution
		Debug|Any CPU = Debug|Any CPU
		Release|Any CPU = Release|Any CPU
	EndGlobalSection
	GlobalSection(ProjectConfigurationPlatforms) = postSolution
		{8945B7A5-840A-4724-8F6B-7351F0FBC8B4}.Debug|Any CPU.ActiveCfg = Debug|Any CPU
		{8945B7A5-840A-4724-8F6B-7351F0FBC8B4}.Debug|Any CPU.Build.0 = Debug|Any CPU
		{8945B7A5-840A-4724-8F6B-7351F0FBC8B4}.Release|Any CPU.ActiveCfg = Release|Any CPU
		{8945B7A5-840A-4724-8F6B-7351F0FBC8B4}.Release|Any CPU.Build.0 = Release|Any CPU
	EndGlobalSection
	GlobalSection(SolutionProperties) = preSolution
		HideSolutionNode = FALSE
	EndGlobalSection
	GlobalSection(ExtensibilityGlobals) = postSolution
		SolutionGuid = {30481F22-2DE2-45E3-A78B-A63C745E37B3}
	EndGlobalSection
EndGlobal
